Microsoft Visual Studio Solution File, Format Version 12.00
# Visual Studio Version 17
VisualStudioVersion = 17.5.2.0
MinimumVisualStudioVersion = 10.0.40219.1
Project("{FAE04EC0-301F-11D3-BF4B-00C04F79EFBC}") = "semana 9", "semana 9.csproj", "{ABD569DF-BA2E-068F-5144-A526D7C6DEA2}"
EndProject
Global
	GlobalSection(SolutionConfigurationPlatforms) = preSolution
		Debug|Any CPU = Debug|Any CPU
		Release|Any CPU = Release|Any CPU
	EndGlobalSection
	GlobalSection(ProjectConfigurationPlatforms) = postSolution
		{ABD569DF-BA2E-068F-5144-A526D7C6DEA2}.Debug|Any CPU.ActiveCfg = Debug|Any CPU
		{ABD569DF-BA2E-068F-5144-A526D7C6DEA2}.Debug|Any CPU.Build.0 = Debug|Any CPU
		{ABD569DF-BA2E-068F-5144-A526D7C6DEA2}.Release|Any CPU.ActiveCfg = Release|Any CPU
		{ABD569DF-BA2E-068F-5144-A526D7C6DEA2}.Release|Any CPU.Build.0 = Release|Any CPU
	EndGlobalSection
	GlobalSection(SolutionProperties) = preSolution
		HideSolutionNode = FALSE
	EndGlobalSection
	GlobalSection(ExtensibilityGlobals) = postSolution
		SolutionGuid = {0F9E288B-02ED-490F-9F53-71FC82EB4303}
	EndGlobalSection
EndGlobal
